// !$*UTF8*$!
{
	archiveVersion = 1;
	classes = {
	};
	objectVersion = 46;
	objects = {

/* Begin PBXBuildFile section */
		88570F991A734F9500258D69 /* main.m in Sources */ = {isa = PBXBuildFile; fileRef = 88570F981A734F9500258D69 /* main.m */; };
		88570F9C1A734F9500258D69 /* AppDelegate.m in Sources */ = {isa = PBXBuildFile; fileRef = 88570F9B1A734F9500258D69 /* AppDelegate.m */; };
		88570F9F1A734F9500258D69 /* GameScene.m in Sources */ = {isa = PBXBuildFile; fileRef = 88570F9E1A734F9500258D69 /* GameScene.m */; };
		88570FA11A734F9500258D69 /* GameScene.sks in Resources */ = {isa = PBXBuildFile; fileRef = 88570FA01A734F9500258D69 /* GameScene.sks */; };
		88570FA41A734F9500258D69 /* GameViewController.m in Sources */ = {isa = PBXBuildFile; fileRef = 88570FA31A734F9500258D69 /* GameViewController.m */; };
		88570FA71A734F9500258D69 /* Main.storyboard in Resources */ = {isa = PBXBuildFile; fileRef = 88570FA51A734F9500258D69 /* Main.storyboard */; };
		88570FA91A734F9500258D69 /* Images.xcassets in Resources */ = {isa = PBXBuildFile; fileRef = 88570FA81A734F9500258D69 /* Images.xcassets */; };
		88570FAC1A734F9500258D69 /* LaunchScreen.xib in Resources */ = {isa = PBXBuildFile; fileRef = 88570FAA1A734F9500258D69 /* LaunchScreen.xib */; };
		88570FB81A734F9500258D69 /* GlobalGameJamTests.m in Sources */ = {isa = PBXBuildFile; fileRef = 88570FB71A734F9500258D69 /* GlobalGameJamTests.m */; };
		88570FC41A73720B00258D69 /* CoffeeScene.sks in Resources */ = {isa = PBXBuildFile; fileRef = 88570FC31A73720B00258D69 /* CoffeeScene.sks */; };
		88570FC81A73763B00258D69 /* CoffeeScene.m in Sources */ = {isa = PBXBuildFile; fileRef = 88570FC71A73763B00258D69 /* CoffeeScene.m */; };
		AD4522941A73563B004DE629 /* SceneManager.m in Sources */ = {isa = PBXBuildFile; fileRef = AD4522931A73563B004DE629 /* SceneManager.m */; };
		AD4522981A736B39004DE629 /* HackScene.sks in Resources */ = {isa = PBXBuildFile; fileRef = AD4522971A736B39004DE629 /* HackScene.sks */; };
		AD45229B1A736B5C004DE629 /* HackScene.m in Sources */ = {isa = PBXBuildFile; fileRef = AD45229A1A736B5C004DE629 /* HackScene.m */; };
		AD4522A11A737499004DE629 /* HackSceneText in Resources */ = {isa = PBXBuildFile; fileRef = AD4522A01A737499004DE629 /* HackSceneText */; };
		AD4522AA1A740A6C004DE629 /* MainViewController.m in Sources */ = {isa = PBXBuildFile; fileRef = AD4522A81A740A6C004DE629 /* MainViewController.m */; };
		AD4522AB1A740A6C004DE629 /* MainViewController.xib in Resources */ = {isa = PBXBuildFile; fileRef = AD4522A91A740A6C004DE629 /* MainViewController.xib */; };
		AD4522AF1A740A84004DE629 /* CoffeeViewController.m in Sources */ = {isa = PBXBuildFile; fileRef = AD4522AD1A740A84004DE629 /* CoffeeViewController.m */; };
		AD4522B01A740A84004DE629 /* CoffeeViewController.xib in Resources */ = {isa = PBXBuildFile; fileRef = AD4522AE1A740A84004DE629 /* CoffeeViewController.xib */; };
		AD4522B41A740AB3004DE629 /* HackViewController.m in Sources */ = {isa = PBXBuildFile; fileRef = AD4522B21A740AB3004DE629 /* HackViewController.m */; };
		AD4522B51A740AB3004DE629 /* HackViewController.xib in Resources */ = {isa = PBXBuildFile; fileRef = AD4522B31A740AB3004DE629 /* HackViewController.xib */; };
/* End PBXBuildFile section */

/* Begin PBXContainerItemProxy section */
		88570FB21A734F9500258D69 /* PBXContainerItemProxy */ = {
			isa = PBXContainerItemProxy;
			containerPortal = 88570F8B1A734F9400258D69 /* Project object */;
			proxyType = 1;
			remoteGlobalIDString = 88570F921A734F9500258D69;
			remoteInfo = GlobalGameJam;
		};
/* End PBXContainerItemProxy section */

/* Begin PBXFileReference section */
		88570F931A734F9500258D69 /* GlobalGameJam.app */ = {isa = PBXFileReference; explicitFileType = wrapper.application; includeInIndex = 0; path = GlobalGameJam.app; sourceTree = BUILT_PRODUCTS_DIR; };
		88570F971A734F9500258D69 /* Info.plist */ = {isa = PBXFileReference; lastKnownFileType = text.plist.xml; path = Info.plist; sourceTree = "<group>"; };
		88570F981A734F9500258D69 /* main.m */ = {isa = PBXFileReference; lastKnownFileType = sourcecode.c.objc; path = main.m; sourceTree = "<group>"; };
		88570F9A1A734F9500258D69 /* AppDelegate.h */ = {isa = PBXFileReference; lastKnownFileType = sourcecode.c.h; path = AppDelegate.h; sourceTree = "<group>"; };
		88570F9B1A734F9500258D69 /* AppDelegate.m */ = {isa = PBXFileReference; lastKnownFileType = sourcecode.c.objc; path = AppDelegate.m; sourceTree = "<group>"; };
		88570F9D1A734F9500258D69 /* GameScene.h */ = {isa = PBXFileReference; lastKnownFileType = sourcecode.c.h; path = GameScene.h; sourceTree = "<group>"; };
		88570F9E1A734F9500258D69 /* GameScene.m */ = {isa = PBXFileReference; lastKnownFileType = sourcecode.c.objc; path = GameScene.m; sourceTree = "<group>"; };
		88570FA01A734F9500258D69 /* GameScene.sks */ = {isa = PBXFileReference; lastKnownFileType = file.sks; path = GameScene.sks; sourceTree = "<group>"; };
		88570FA21A734F9500258D69 /* GameViewController.h */ = {isa = PBXFileReference; lastKnownFileType = sourcecode.c.h; path = GameViewController.h; sourceTree = "<group>"; };
		88570FA31A734F9500258D69 /* GameViewController.m */ = {isa = PBXFileReference; lastKnownFileType = sourcecode.c.objc; path = GameViewController.m; sourceTree = "<group>"; };
		88570FA61A734F9500258D69 /* Base */ = {isa = PBXFileReference; lastKnownFileType = file.storyboard; name = Base; path = Base.lproj/Main.storyboard; sourceTree = "<group>"; };
		88570FA81A734F9500258D69 /* Images.xcassets */ = {isa = PBXFileReference; lastKnownFileType = folder.assetcatalog; path = Images.xcassets; sourceTree = "<group>"; };
		88570FAB1A734F9500258D69 /* Base */ = {isa = PBXFileReference; lastKnownFileType = file.xib; name = Base; path = Base.lproj/LaunchScreen.xib; sourceTree = "<group>"; };
		88570FB11A734F9500258D69 /* GlobalGameJamTests.xctest */ = {isa = PBXFileReference; explicitFileType = wrapper.cfbundle; includeInIndex = 0; path = GlobalGameJamTests.xctest; sourceTree = BUILT_PRODUCTS_DIR; };
		88570FB61A734F9500258D69 /* Info.plist */ = {isa = PBXFileReference; lastKnownFileType = text.plist.xml; path = Info.plist; sourceTree = "<group>"; };
		88570FB71A734F9500258D69 /* GlobalGameJamTests.m */ = {isa = PBXFileReference; lastKnownFileType = sourcecode.c.objc; path = GlobalGameJamTests.m; sourceTree = "<group>"; };
		88570FC31A73720B00258D69 /* CoffeeScene.sks */ = {isa = PBXFileReference; lastKnownFileType = file.sks; path = CoffeeScene.sks; sourceTree = "<group>"; };
		88570FC61A73763B00258D69 /* CoffeeScene.h */ = {isa = PBXFileReference; fileEncoding = 4; lastKnownFileType = sourcecode.c.h; path = CoffeeScene.h; sourceTree = "<group>"; };
		88570FC71A73763B00258D69 /* CoffeeScene.m */ = {isa = PBXFileReference; fileEncoding = 4; lastKnownFileType = sourcecode.c.objc; path = CoffeeScene.m; sourceTree = "<group>"; };
		AD4522921A73563B004DE629 /* SceneManager.h */ = {isa = PBXFileReference; fileEncoding = 4; lastKnownFileType = sourcecode.c.h; path = SceneManager.h; sourceTree = "<group>"; };
		AD4522931A73563B004DE629 /* SceneManager.m */ = {isa = PBXFileReference; fileEncoding = 4; lastKnownFileType = sourcecode.c.objc; path = SceneManager.m; sourceTree = "<group>"; };
		AD4522971A736B39004DE629 /* HackScene.sks */ = {isa = PBXFileReference; lastKnownFileType = file.sks; path = HackScene.sks; sourceTree = "<group>"; };
		AD4522991A736B5C004DE629 /* HackScene.h */ = {isa = PBXFileReference; fileEncoding = 4; lastKnownFileType = sourcecode.c.h; path = HackScene.h; sourceTree = "<group>"; };
		AD45229A1A736B5C004DE629 /* HackScene.m */ = {isa = PBXFileReference; fileEncoding = 4; lastKnownFileType = sourcecode.c.objc; path = HackScene.m; sourceTree = "<group>"; };
		AD4522A01A737499004DE629 /* HackSceneText */ = {isa = PBXFileReference; fileEncoding = 4; lastKnownFileType = text; path = HackSceneText; sourceTree = "<group>"; };
		AD4522A71A740A6C004DE629 /* MainViewController.h */ = {isa = PBXFileReference; fileEncoding = 4; lastKnownFileType = sourcecode.c.h; path = MainViewController.h; sourceTree = "<group>"; };
		AD4522A81A740A6C004DE629 /* MainViewController.m */ = {isa = PBXFileReference; fileEncoding = 4; lastKnownFileType = sourcecode.c.objc; path = MainViewController.m; sourceTree = "<group>"; };
		AD4522A91A740A6C004DE629 /* MainViewController.xib */ = {isa = PBXFileReference; fileEncoding = 4; lastKnownFileType = file.xib; path = MainViewController.xib; sourceTree = "<group>"; };
		AD4522AC1A740A84004DE629 /* CoffeeViewController.h */ = {isa = PBXFileReference; fileEncoding = 4; lastKnownFileType = sourcecode.c.h; path = CoffeeViewController.h; sourceTree = "<group>"; };
		AD4522AD1A740A84004DE629 /* CoffeeViewController.m */ = {isa = PBXFileReference; fileEncoding = 4; lastKnownFileType = sourcecode.c.objc; path = CoffeeViewController.m; sourceTree = "<group>"; };
		AD4522AE1A740A84004DE629 /* CoffeeViewController.xib */ = {isa = PBXFileReference; fileEncoding = 4; lastKnownFileType = file.xib; path = CoffeeViewController.xib; sourceTree = "<group>"; };
		AD4522B11A740AB3004DE629 /* HackViewController.h */ = {isa = PBXFileReference; fileEncoding = 4; lastKnownFileType = sourcecode.c.h; path = HackViewController.h; sourceTree = "<group>"; };
		AD4522B21A740AB3004DE629 /* HackViewController.m */ = {isa = PBXFileReference; fileEncoding = 4; lastKnownFileType = sourcecode.c.objc; path = HackViewController.m; sourceTree = "<group>"; };
		AD4522B31A740AB3004DE629 /* HackViewController.xib */ = {isa = PBXFileReference; fileEncoding = 4; lastKnownFileType = file.xib; path = HackViewController.xib; sourceTree = "<group>"; };
/* End PBXFileReference section */

/* Begin PBXFrameworksBuildPhase section */
		88570F901A734F9500258D69 /* Frameworks */ = {
			isa = PBXFrameworksBuildPhase;
			buildActionMask = 2147483647;
			files = (
			);
			runOnlyForDeploymentPostprocessing = 0;
		};
		88570FAE1A734F9500258D69 /* Frameworks */ = {
			isa = PBXFrameworksBuildPhase;
			buildActionMask = 2147483647;
			files = (
			);
			runOnlyForDeploymentPostprocessing = 0;
		};
/* End PBXFrameworksBuildPhase section */

/* Begin PBXGroup section */
		88570F8A1A734F9400258D69 = {
			isa = PBXGroup;
			children = (
				88570F951A734F9500258D69 /* GlobalGameJam */,
				88570FB41A734F9500258D69 /* GlobalGameJamTests */,
				88570F941A734F9500258D69 /* Products */,
			);
			sourceTree = "<group>";
		};
		88570F941A734F9500258D69 /* Products */ = {
			isa = PBXGroup;
			children = (
				88570F931A734F9500258D69 /* GlobalGameJam.app */,
				88570FB11A734F9500258D69 /* GlobalGameJamTests.xctest */,
			);
			name = Products;
			sourceTree = "<group>";
		};
		88570F951A734F9500258D69 /* GlobalGameJam */ = {
			isa = PBXGroup;
			children = (
				AD4522A31A74095D004DE629 /* View Controllers */,
				AD45228D1A735581004DE629 /* Scenes */,
				88570F9A1A734F9500258D69 /* AppDelegate.h */,
				88570F9B1A734F9500258D69 /* AppDelegate.m */,
				88570FA21A734F9500258D69 /* GameViewController.h */,
				88570FA31A734F9500258D69 /* GameViewController.m */,
				88570FA51A734F9500258D69 /* Main.storyboard */,
				88570FA81A734F9500258D69 /* Images.xcassets */,
				88570FAA1A734F9500258D69 /* LaunchScreen.xib */,
				88570F961A734F9500258D69 /* Supporting Files */,
			);
			path = GlobalGameJam;
			sourceTree = "<group>";
		};
		88570F961A734F9500258D69 /* Supporting Files */ = {
			isa = PBXGroup;
			children = (
				88570F971A734F9500258D69 /* Info.plist */,
				88570F981A734F9500258D69 /* main.m */,
			);
			name = "Supporting Files";
			sourceTree = "<group>";
		};
		88570FB41A734F9500258D69 /* GlobalGameJamTests */ = {
			isa = PBXGroup;
			children = (
				88570FB71A734F9500258D69 /* GlobalGameJamTests.m */,
				88570FB51A734F9500258D69 /* Supporting Files */,
			);
			path = GlobalGameJamTests;
			sourceTree = "<group>";
		};
		88570FB51A734F9500258D69 /* Supporting Files */ = {
			isa = PBXGroup;
			children = (
				88570FB61A734F9500258D69 /* Info.plist */,
			);
			name = "Supporting Files";
			sourceTree = "<group>";
		};
		88570FC51A73721300258D69 /* CoffeeScene */ = {
			isa = PBXGroup;
			children = (
				88570FC31A73720B00258D69 /* CoffeeScene.sks */,
				88570FC61A73763B00258D69 /* CoffeeScene.h */,
				88570FC71A73763B00258D69 /* CoffeeScene.m */,
			);
			name = CoffeeScene;
			sourceTree = "<group>";
		};
		AD45228D1A735581004DE629 /* Scenes */ = {
			isa = PBXGroup;
			children = (
				AD4522951A735640004DE629 /* SceneManager */,
				AD4522961A7369F5004DE629 /* HackScene */,
				AD4522901A7355D2004DE629 /* GameScene */,
				88570FC51A73721300258D69 /* CoffeeScene */,
			);
			name = Scenes;
			sourceTree = "<group>";
		};
		AD4522901A7355D2004DE629 /* GameScene */ = {
			isa = PBXGroup;
			children = (
				88570F9D1A734F9500258D69 /* GameScene.h */,
				88570F9E1A734F9500258D69 /* GameScene.m */,
				88570FA01A734F9500258D69 /* GameScene.sks */,
			);
			name = GameScene;
			sourceTree = "<group>";
		};
		AD4522951A735640004DE629 /* SceneManager */ = {
			isa = PBXGroup;
			children = (
				AD4522921A73563B004DE629 /* SceneManager.h */,
				AD4522931A73563B004DE629 /* SceneManager.m */,
			);
			name = SceneManager;
			sourceTree = "<group>";
		};
		AD4522961A7369F5004DE629 /* HackScene */ = {
			isa = PBXGroup;
			children = (
				AD4522991A736B5C004DE629 /* HackScene.h */,
				AD45229A1A736B5C004DE629 /* HackScene.m */,
				AD4522971A736B39004DE629 /* HackScene.sks */,
				AD4522A01A737499004DE629 /* HackSceneText */,
			);
			name = HackScene;
			sourceTree = "<group>";
		};
		AD4522A31A74095D004DE629 /* View Controllers */ = {
			isa = PBXGroup;
			children = (
				AD4522A41A740966004DE629 /* Main View Controller */,
				AD4522A51A74096D004DE629 /* Coffee View Controller */,
				AD4522A61A740979004DE629 /* Hack View Controller */,
			);
			name = "View Controllers";
			sourceTree = "<group>";
		};
		AD4522A41A740966004DE629 /* Main View Controller */ = {
			isa = PBXGroup;
			children = (
				AD4522A71A740A6C004DE629 /* MainViewController.h */,
				AD4522A81A740A6C004DE629 /* MainViewController.m */,
				AD4522A91A740A6C004DE629 /* MainViewController.xib */,
			);
			name = "Main View Controller";
			sourceTree = "<group>";
		};
		AD4522A51A74096D004DE629 /* Coffee View Controller */ = {
			isa = PBXGroup;
			children = (
				AD4522AC1A740A84004DE629 /* CoffeeViewController.h */,
				AD4522AD1A740A84004DE629 /* CoffeeViewController.m */,
				AD4522AE1A740A84004DE629 /* CoffeeViewController.xib */,
			);
			name = "Coffee View Controller";
			sourceTree = "<group>";
		};
		AD4522A61A740979004DE629 /* Hack View Controller */ = {
			isa = PBXGroup;
			children = (
				AD4522B11A740AB3004DE629 /* HackViewController.h */,
				AD4522B21A740AB3004DE629 /* HackViewController.m */,
				AD4522B31A740AB3004DE629 /* HackViewController.xib */,
			);
			name = "Hack View Controller";
			sourceTree = "<group>";
		};
/* End PBXGroup section */

/* Begin PBXNativeTarget section */
		88570F921A734F9500258D69 /* GlobalGameJam */ = {
			isa = PBXNativeTarget;
			buildConfigurationList = 88570FBB1A734F9500258D69 /* Build configuration list for PBXNativeTarget "GlobalGameJam" */;
			buildPhases = (
				88570F8F1A734F9500258D69 /* Sources */,
				88570F901A734F9500258D69 /* Frameworks */,
				88570F911A734F9500258D69 /* Resources */,
			);
			buildRules = (
			);
			dependencies = (
			);
			name = GlobalGameJam;
			productName = GlobalGameJam;
			productReference = 88570F931A734F9500258D69 /* GlobalGameJam.app */;
			productType = "com.apple.product-type.application";
		};
		88570FB01A734F9500258D69 /* GlobalGameJamTests */ = {
			isa = PBXNativeTarget;
			buildConfigurationList = 88570FBE1A734F9500258D69 /* Build configuration list for PBXNativeTarget "GlobalGameJamTests" */;
			buildPhases = (
				88570FAD1A734F9500258D69 /* Sources */,
				88570FAE1A734F9500258D69 /* Frameworks */,
				88570FAF1A734F9500258D69 /* Resources */,
			);
			buildRules = (
			);
			dependencies = (
				88570FB31A734F9500258D69 /* PBXTargetDependency */,
			);
			name = GlobalGameJamTests;
			productName = GlobalGameJamTests;
			productReference = 88570FB11A734F9500258D69 /* GlobalGameJamTests.xctest */;
			productType = "com.apple.product-type.bundle.unit-test";
		};
/* End PBXNativeTarget section */

/* Begin PBXProject section */
		88570F8B1A734F9400258D69 /* Project object */ = {
			isa = PBXProject;
			attributes = {
				LastUpgradeCheck = 0620;
				ORGANIZATIONNAME = shoshinboogie;
				TargetAttributes = {
					88570F921A734F9500258D69 = {
						CreatedOnToolsVersion = 6.2;
					};
					88570FB01A734F9500258D69 = {
						CreatedOnToolsVersion = 6.2;
						TestTargetID = 88570F921A734F9500258D69;
					};
				};
			};
			buildConfigurationList = 88570F8E1A734F9400258D69 /* Build configuration list for PBXProject "GlobalGameJam" */;
			compatibilityVersion = "Xcode 3.2";
			developmentRegion = English;
			hasScannedForEncodings = 0;
			knownRegions = (
				en,
				Base,
			);
			mainGroup = 88570F8A1A734F9400258D69;
			productRefGroup = 88570F941A734F9500258D69 /* Products */;
			projectDirPath = "";
			projectRoot = "";
			targets = (
				88570F921A734F9500258D69 /* GlobalGameJam */,
				88570FB01A734F9500258D69 /* GlobalGameJamTests */,
			);
		};
/* End PBXProject section */

/* Begin PBXResourcesBuildPhase section */
		88570F911A734F9500258D69 /* Resources */ = {
			isa = PBXResourcesBuildPhase;
			buildActionMask = 2147483647;
			files = (
				88570FC41A73720B00258D69 /* CoffeeScene.sks in Resources */,
				AD4522B51A740AB3004DE629 /* HackViewController.xib in Resources */,
				88570FAC1A734F9500258D69 /* LaunchScreen.xib in Resources */,
				AD4522A11A737499004DE629 /* HackSceneText in Resources */,
				AD4522AB1A740A6C004DE629 /* MainViewController.xib in Resources */,
				AD4522B01A740A84004DE629 /* CoffeeViewController.xib in Resources */,
				AD4522981A736B39004DE629 /* HackScene.sks in Resources */,
				88570FA91A734F9500258D69 /* Images.xcassets in Resources */,
				88570FA11A734F9500258D69 /* GameScene.sks in Resources */,
				88570FA71A734F9500258D69 /* Main.storyboard in Resources */,
			);
			runOnlyForDeploymentPostprocessing = 0;
		};
		88570FAF1A734F9500258D69 /* Resources */ = {
			isa = PBXResourcesBuildPhase;
			buildActionMask = 2147483647;
			files = (
			);
			runOnlyForDeploymentPostprocessing = 0;
		};
/* End PBXResourcesBuildPhase section */

/* Begin PBXSourcesBuildPhase section */
		88570F8F1A734F9500258D69 /* Sources */ = {
			isa = PBXSourcesBuildPhase;
			buildActionMask = 2147483647;
			files = (
				88570FA41A734F9500258D69 /* GameViewController.m in Sources */,
				AD45229B1A736B5C004DE629 /* HackScene.m in Sources */,
				88570F9C1A734F9500258D69 /* AppDelegate.m in Sources */,
				AD4522B41A740AB3004DE629 /* HackViewController.m in Sources */,
				AD4522AA1A740A6C004DE629 /* MainViewController.m in Sources */,
				AD4522AF1A740A84004DE629 /* CoffeeViewController.m in Sources */,
				88570FC81A73763B00258D69 /* CoffeeScene.m in Sources */,
				88570F9F1A734F9500258D69 /* GameScene.m in Sources */,
				AD4522941A73563B004DE629 /* SceneManager.m in Sources */,
				88570F991A734F9500258D69 /* main.m in Sources */,
			);
			runOnlyForDeploymentPostprocessing = 0;
		};
		88570FAD1A734F9500258D69 /* Sources */ = {
			isa = PBXSourcesBuildPhase;
			buildActionMask = 2147483647;
			files = (
				88570FB81A734F9500258D69 /* GlobalGameJamTests.m in Sources */,
			);
			runOnlyForDeploymentPostprocessing = 0;
		};
/* End PBXSourcesBuildPhase section */

/* Begin PBXTargetDependency section */
		88570FB31A734F9500258D69 /* PBXTargetDependency */ = {
			isa = PBXTargetDependency;
			target = 88570F921A734F9500258D69 /* GlobalGameJam */;
			targetProxy = 88570FB21A734F9500258D69 /* PBXContainerItemProxy */;
		};
/* End PBXTargetDependency section */

/* Begin PBXVariantGroup section */
		88570FA51A734F9500258D69 /* Main.storyboard */ = {
			isa = PBXVariantGroup;
			children = (
				88570FA61A734F9500258D69 /* Base */,
			);
			name = Main.storyboard;
			sourceTree = "<group>";
		};
		88570FAA1A734F9500258D69 /* LaunchScreen.xib */ = {
			isa = PBXVariantGroup;
			children = (
				88570FAB1A734F9500258D69 /* Base */,
			);
			name = LaunchScreen.xib;
			sourceTree = "<group>";
		};
/* End PBXVariantGroup section */

/* Begin XCBuildConfiguration section */
		88570FB91A734F9500258D69 /* Debug */ = {
			isa = XCBuildConfiguration;
			buildSettings = {
				ALWAYS_SEARCH_USER_PATHS = NO;
				CLANG_CXX_LANGUAGE_STANDARD = "gnu++0x";
				CLANG_CXX_LIBRARY = "libc++";
				CLANG_ENABLE_MODULES = YES;
				CLANG_ENABLE_OBJC_ARC = YES;
				CLANG_WARN_BOOL_CONVERSION = YES;
				CLANG_WARN_CONSTANT_CONVERSION = YES;
				CLANG_WARN_DIRECT_OBJC_ISA_USAGE = YES_ERROR;
				CLANG_WARN_EMPTY_BODY = YES;
				CLANG_WARN_ENUM_CONVERSION = YES;
				CLANG_WARN_INT_CONVERSION = YES;
				CLANG_WARN_OBJC_ROOT_CLASS = YES_ERROR;
				CLANG_WARN_UNREACHABLE_CODE = YES;
				CLANG_WARN__DUPLICATE_METHOD_MATCH = YES;
				"CODE_SIGN_IDENTITY[sdk=iphoneos*]" = "iPhone Developer";
				COPY_PHASE_STRIP = NO;
				ENABLE_STRICT_OBJC_MSGSEND = YES;
				GCC_C_LANGUAGE_STANDARD = gnu99;
				GCC_DYNAMIC_NO_PIC = NO;
				GCC_OPTIMIZATION_LEVEL = 0;
				GCC_PREPROCESSOR_DEFINITIONS = (
					"DEBUG=1",
					"$(inherited)",
				);
				GCC_SYMBOLS_PRIVATE_EXTERN = NO;
				GCC_WARN_64_TO_32_BIT_CONVERSION = YES;
				GCC_WARN_ABOUT_RETURN_TYPE = YES_ERROR;
				GCC_WARN_UNDECLARED_SELECTOR = YES;
				GCC_WARN_UNINITIALIZED_AUTOS = YES_AGGRESSIVE;
				GCC_WARN_UNUSED_FUNCTION = YES;
				GCC_WARN_UNUSED_VARIABLE = YES;
				IPHONEOS_DEPLOYMENT_TARGET = 8.2;
				MTL_ENABLE_DEBUG_INFO = YES;
				ONLY_ACTIVE_ARCH = YES;
				SDKROOT = iphoneos;
				TARGETED_DEVICE_FAMILY = "1,2";
			};
			name = Debug;
		};
		88570FBA1A734F9500258D69 /* Release */ = {
			isa = XCBuildConfiguration;
			buildSettings = {
				ALWAYS_SEARCH_USER_PATHS = NO;
				CLANG_CXX_LANGUAGE_STANDARD = "gnu++0x";
				CLANG_CXX_LIBRARY = "libc++";
				CLANG_ENABLE_MODULES = YES;
				CLANG_ENABLE_OBJC_ARC = YES;
				CLANG_WARN_BOOL_CONVERSION = YES;
				CLANG_WARN_CONSTANT_CONVERSION = YES;
				CLANG_WARN_DIRECT_OBJC_ISA_USAGE = YES_ERROR;
				CLANG_WARN_EMPTY_BODY = YES;
				CLANG_WARN_ENUM_CONVERSION = YES;
				CLANG_WARN_INT_CONVERSION = YES;
				CLANG_WARN_OBJC_ROOT_CLASS = YES_ERROR;
				CLANG_WARN_UNREACHABLE_CODE = YES;
				CLANG_WARN__DUPLICATE_METHOD_MATCH = YES;
				"CODE_SIGN_IDENTITY[sdk=iphoneos*]" = "iPhone Developer";
				COPY_PHASE_STRIP = NO;
				ENABLE_NS_ASSERTIONS = NO;
				ENABLE_STRICT_OBJC_MSGSEND = YES;
				GCC_C_LANGUAGE_STANDARD = gnu99;
				GCC_WARN_64_TO_32_BIT_CONVERSION = YES;
				GCC_WARN_ABOUT_RETURN_TYPE = YES_ERROR;
				GCC_WARN_UNDECLARED_SELECTOR = YES;
				GCC_WARN_UNINITIALIZED_AUTOS = YES_AGGRESSIVE;
				GCC_WARN_UNUSED_FUNCTION = YES;
				GCC_WARN_UNUSED_VARIABLE = YES;
				IPHONEOS_DEPLOYMENT_TARGET = 8.2;
				MTL_ENABLE_DEBUG_INFO = NO;
				SDKROOT = iphoneos;
				TARGETED_DEVICE_FAMILY = "1,2";
				VALIDATE_PRODUCT = YES;
			};
			name = Release;
		};
		88570FBC1A734F9500258D69 /* Debug */ = {
			isa = XCBuildConfiguration;
			buildSettings = {
				ASSETCATALOG_COMPILER_APPICON_NAME = AppIcon;
				INFOPLIST_FILE = GlobalGameJam/Info.plist;
				IPHONEOS_DEPLOYMENT_TARGET = 7.0;
				LD_RUNPATH_SEARCH_PATHS = "$(inherited) @executable_path/Frameworks";
				PRODUCT_NAME = "$(TARGET_NAME)";
			};
			name = Debug;
		};
		88570FBD1A734F9500258D69 /* Release */ = {
			isa = XCBuildConfiguration;
			buildSettings = {
				ASSETCATALOG_COMPILER_APPICON_NAME = AppIcon;
				INFOPLIST_FILE = GlobalGameJam/Info.plist;
				IPHONEOS_DEPLOYMENT_TARGET = 7.0;
				LD_RUNPATH_SEARCH_PATHS = "$(inherited) @executable_path/Frameworks";
				PRODUCT_NAME = "$(TARGET_NAME)";
			};
			name = Release;
		};
		88570FBF1A734F9500258D69 /* Debug */ = {
			isa = XCBuildConfiguration;
			buildSettings = {
				BUNDLE_LOADER = "$(TEST_HOST)";
				FRAMEWORK_SEARCH_PATHS = (
					"$(SDKROOT)/Developer/Library/Frameworks",
					"$(inherited)",
				);
				GCC_PREPROCESSOR_DEFINITIONS = (
					"DEBUG=1",
					"$(inherited)",
				);
				INFOPLIST_FILE = GlobalGameJamTests/Info.plist;
				LD_RUNPATH_SEARCH_PATHS = "$(inherited) @executable_path/Frameworks @loader_path/Frameworks";
				PRODUCT_NAME = "$(TARGET_NAME)";
				TEST_HOST = "$(BUILT_PRODUCTS_DIR)/GlobalGameJam.app/GlobalGameJam";
			};
			name = Debug;
		};
		88570FC01A734F9500258D69 /* Release */ = {
			isa = XCBuildConfiguration;
			buildSettings = {
				BUNDLE_LOADER = "$(TEST_HOST)";
				FRAMEWORK_SEARCH_PATHS = (
					"$(SDKROOT)/Developer/Library/Frameworks",
					"$(inherited)",
				);
				INFOPLIST_FILE = GlobalGameJamTests/Info.plist;
				LD_RUNPATH_SEARCH_PATHS = "$(inherited) @executable_path/Frameworks @loader_path/Frameworks";
				PRODUCT_NAME = "$(TARGET_NAME)";
				TEST_HOST = "$(BUILT_PRODUCTS_DIR)/GlobalGameJam.app/GlobalGameJam";
			};
			name = Release;
		};
/* End XCBuildConfiguration section */

/* Begin XCConfigurationList section */
		88570F8E1A734F9400258D69 /* Build configuration list for PBXProject "GlobalGameJam" */ = {
			isa = XCConfigurationList;
			buildConfigurations = (
				88570FB91A734F9500258D69 /* Debug */,
				88570FBA1A734F9500258D69 /* Release */,
			);
			defaultConfigurationIsVisible = 0;
			defaultConfigurationName = Release;
		};
		88570FBB1A734F9500258D69 /* Build configuration list for PBXNativeTarget "GlobalGameJam" */ = {
			isa = XCConfigurationList;
			buildConfigurations = (
				88570FBC1A734F9500258D69 /* Debug */,
				88570FBD1A734F9500258D69 /* Release */,
			);
			defaultConfigurationIsVisible = 0;
			defaultConfigurationName = Release;
		};
		88570FBE1A734F9500258D69 /* Build configuration list for PBXNativeTarget "GlobalGameJamTests" */ = {
			isa = XCConfigurationList;
			buildConfigurations = (
				88570FBF1A734F9500258D69 /* Debug */,
				88570FC01A734F9500258D69 /* Release */,
			);
			defaultConfigurationIsVisible = 0;
			defaultConfigurationName = Release;
		};
/* End XCConfigurationList section */
	};
	rootObject = 88570F8B1A734F9400258D69 /* Project object */;
}
